// !$*UTF8*$!
{
	archiveVersion = 1;
	classes = {
	};
	objectVersion = 46;
	objects = {

/* Begin PBXBuildFile section */
		181E13BA1CC72138006F52FF /* main.m in Sources */ = {isa = PBXBuildFile; fileRef = 181E13B91CC72138006F52FF /* main.m */; };
		181E13BD1CC72138006F52FF /* AppDelegate.m in Sources */ = {isa = PBXBuildFile; fileRef = 181E13BC1CC72138006F52FF /* AppDelegate.m */; };
		181E13C01CC72138006F52FF /* ViewController.m in Sources */ = {isa = PBXBuildFile; fileRef = 181E13BF1CC72138006F52FF /* ViewController.m */; };
		181E13C31CC72138006F52FF /* Main.storyboard in Resources */ = {isa = PBXBuildFile; fileRef = 181E13C11CC72138006F52FF /* Main.storyboard */; };
		181E13C51CC72138006F52FF /* Assets.xcassets in Resources */ = {isa = PBXBuildFile; fileRef = 181E13C41CC72138006F52FF /* Assets.xcassets */; };
		181E13C81CC72138006F52FF /* LaunchScreen.storyboard in Resources */ = {isa = PBXBuildFile; fileRef = 181E13C61CC72138006F52FF /* LaunchScreen.storyboard */; };
/* End PBXBuildFile section */

/* Begin PBXFileReference section */
		181E13B51CC72138006F52FF /* runtimeDemo.app */ = {isa = PBXFileReference; explicitFileType = wrapper.application; includeInIndex = 0; path = runtimeDemo.app; sourceTree = BUILT_PRODUCTS_DIR; };
		181E13B91CC72138006F52FF /* main.m */ = {isa = PBXFileReference; lastKnownFileType = sourcecode.c.objc; path = main.m; sourceTree = "<group>"; };
		181E13BB1CC72138006F52FF /* AppDelegate.h */ = {isa = PBXFileReference; lastKnownFileType = sourcecode.c.h; path = AppDelegate.h; sourceTree = "<group>"; };
		181E13BC1CC72138006F52FF /* AppDelegate.m */ = {isa = PBXFileReference; lastKnownFileType = sourcecode.c.objc; path = AppDelegate.m; sourceTree = "<group>"; };
		181E13BE1CC72138006F52FF /* ViewController.h */ = {isa = PBXFileReference; lastKnownFileType = sourcecode.c.h; path = ViewController.h; sourceTree = "<group>"; };
		181E13BF1CC72138006F52FF /* ViewController.m */ = {isa = PBXFileReference; lastKnownFileType = sourcecode.c.objc; path = ViewController.m; sourceTree = "<group>"; };
		181E13C21CC72138006F52FF /* Base */ = {isa = PBXFileReference; lastKnownFileType = file.storyboard; name = Base; path = Base.lproj/Main.storyboard; sourceTree = "<group>"; };
		181E13C41CC72138006F52FF /* Assets.xcassets */ = {isa = PBXFileReference; lastKnownFileType = folder.assetcatalog; path = Assets.xcassets; sourceTree = "<group>"; };
		181E13C71CC72138006F52FF /* Base */ = {isa = PBXFileReference; lastKnownFileType = file.storyboard; name = Base; path = Base.lproj/LaunchScreen.storyboard; sourceTree = "<group>"; };
		181E13C91CC72138006F52FF /* Info.plist */ = {isa = PBXFileReference; lastKnownFileType = text.plist.xml; path = Info.plist; sourceTree = "<group>"; };
/* End PBXFileReference section */

/* Begin PBXFrameworksBuildPhase section */
		181E13B21CC72138006F52FF /* Frameworks */ = {
			isa = PBXFrameworksBuildPhase;
			buildActionMask = 2147483647;
			files = (
			);
			runOnlyForDeploymentPostprocessing = 0;
		};
/* End PBXFrameworksBuildPhase section */

/* Begin PBXGroup section */
		181E13AC1CC72138006F52FF = {
			isa = PBXGroup;
			children = (
				181E13B71CC72138006F52FF /* runtimeDemo */,
				181E13B61CC72138006F52FF /* Products */,
			);
			sourceTree = "<group>";
		};
		181E13B61CC72138006F52FF /* Products */ = {
			isa = PBXGroup;
			children = (
				181E13B51CC72138006F52FF /* runtimeDemo.app */,
			);
			name = Products;
			sourceTree = "<group>";
		};
		181E13B71CC72138006F52FF /* runtimeDemo */ = {
			isa = PBXGroup;
			children = (
				181E13BB1CC72138006F52FF /* AppDelegate.h */,
				181E13BC1CC72138006F52FF /* AppDelegate.m */,
				181E13BE1CC72138006F52FF /* ViewController.h */,
				181E13BF1CC72138006F52FF /* ViewController.m */,
				181E13C11CC72138006F52FF /* Main.storyboard */,
				181E13C41CC72138006F52FF /* Assets.xcassets */,
				181E13C61CC72138006F52FF /* LaunchScreen.storyboard */,
				181E13C91CC72138006F52FF /* Info.plist */,
				181E13B81CC72138006F52FF /* Supporting Files */,
			);
			path = runtimeDemo;
			sourceTree = "<group>";
		};
		181E13B81CC72138006F52FF /* Supporting Files */ = {
			isa = PBXGroup;
			children = (
				181E13B91CC72138006F52FF /* main.m */,
			);
			name = "Supporting Files";
			sourceTree = "<group>";
		};
/* End PBXGroup section */

/* Begin PBXNativeTarget section */
		181E13B41CC72138006F52FF /* runtimeDemo */ = {
			isa = PBXNativeTarget;
			buildConfigurationList = 181E13CC1CC72138006F52FF /* Build configuration list for PBXNativeTarget "runtimeDemo" */;
			buildPhases = (
				181E13B11CC72138006F52FF /* Sources */,
				181E13B21CC72138006F52FF /* Frameworks */,
				181E13B31CC72138006F52FF /* Resources */,
			);
			buildRules = (
			);
			dependencies = (
			);
			name = runtimeDemo;
			productName = runtimeDemo;
			productReference = 181E13B51CC72138006F52FF /* runtimeDemo.app */;
			productType = "com.apple.product-type.application";
		};
/* End PBXNativeTarget section */

/* Begin PBXProject section */
		181E13AD1CC72138006F52FF /* Project object */ = {
			isa = PBXProject;
			attributes = {
				LastUpgradeCheck = 0730;
				ORGANIZATIONNAME = lcjingdi;
				TargetAttributes = {
					181E13B41CC72138006F52FF = {
						CreatedOnToolsVersion = 7.3;
					};
				};
			};
			buildConfigurationList = 181E13B01CC72138006F52FF /* Build configuration list for PBXProject "runtimeDemo" */;
			compatibilityVersion = "Xcode 3.2";
			developmentRegion = English;
			hasScannedForEncodings = 0;
			knownRegions = (
				en,
				Base,
			);
			mainGroup = 181E13AC1CC72138006F52FF;
			productRefGroup = 181E13B61CC72138006F52FF /* Products */;
			projectDirPath = "";
			projectRoot = "";
			targets = (
				181E13B41CC72138006F52FF /* runtimeDemo */,
			);
		};
/* End PBXProject section */

/* Begin PBXResourcesBuildPhase section */
		181E13B31CC72138006F52FF /* Resources */ = {
			isa = PBXResourcesBuildPhase;
			buildActionMask = 2147483647;
			files = (
				181E13C81CC72138006F52FF /* LaunchScreen.storyboard in Resources */,
				181E13C51CC72138006F52FF /* Assets.xcassets in Resources */,
				181E13C31CC72138006F52FF /* Main.storyboard in Resources */,
			);
			runOnlyForDeploymentPostprocessing = 0;
		};
/* End PBXResourcesBuildPhase section */

/* Begin PBXSourcesBuildPhase section */
		181E13B11CC72138006F52FF /* Sources */ = {
			isa = PBXSourcesBuildPhase;
			buildActionMask = 2147483647;
			files = (
				181E13C01CC72138006F52FF /* ViewController.m in Sources */,
				181E13BD1CC72138006F52FF /* AppDelegate.m in Sources */,
				181E13BA1CC72138006F52FF /* main.m in Sources */,
			);
			runOnlyForDeploymentPostprocessing = 0;
		};
/* End PBXSourcesBuildPhase section */

/* Begin PBXVariantGroup section */
		181E13C11CC72138006F52FF /* Main.storyboard */ = {
			isa = PBXVariantGroup;
			children = (
				181E13C21CC72138006F52FF /* Base */,
			);
			name = Main.storyboard;
			sourceTree = "<group>";
		};
		181E13C61CC72138006F52FF /* LaunchScreen.storyboard */ = {
			isa = PBXVariantGroup;
			children = (
				181E13C71CC72138006F52FF /* Base */,
			);
			name = LaunchScreen.storyboard;
			sourceTree = "<group>";
		};
/* End PBXVariantGroup section */

/* Begin XCBuildConfiguration section */
		181E13CA1CC72138006F52FF /* Debug */ = {
			isa = XCBuildConfiguration;
			buildSettings = {
				ALWAYS_SEARCH_USER_PATHS = NO;
				CLANG_ANALYZER_NONNULL = YES;
				CLANG_CXX_LANGUAGE_STANDARD = "gnu++0x";
				CLANG_CXX_LIBRARY = "libc++";
				CLANG_ENABLE_MODULES = YES;
				CLANG_ENABLE_OBJC_ARC = YES;
				CLANG_WARN_BOOL_CONVERSION = YES;
				CLANG_WARN_CONSTANT_CONVERSION = YES;
				CLANG_WARN_DIRECT_OBJC_ISA_USAGE = YES_ERROR;
				CLANG_WARN_EMPTY_BODY = YES;
				CLANG_WARN_ENUM_CONVERSION = YES;
				CLANG_WARN_INT_CONVERSION = YES;
				CLANG_WARN_OBJC_ROOT_CLASS = YES_ERROR;
				CLANG_WARN_UNREACHABLE_CODE = YES;
				CLANG_WARN__DUPLICATE_METHOD_MATCH = YES;
				"CODE_SIGN_IDENTITY[sdk=iphoneos*]" = "iPhone Developer";
				COPY_PHASE_STRIP = NO;
				DEBUG_INFORMATION_FORMAT = dwarf;
				ENABLE_STRICT_OBJC_MSGSEND = YES;
				ENABLE_TESTABILITY = YES;
				GCC_C_LANGUAGE_STANDARD = gnu99;
				GCC_DYNAMIC_NO_PIC = NO;
				GCC_NO_COMMON_BLOCKS = YES;
				GCC_OPTIMIZATION_LEVEL = 0;
				GCC_PREPROCESSOR_DEFINITIONS = (
					"DEBUG=1",
					"$(inherited)",
				);
				GCC_WARN_64_TO_32_BIT_CONVERSION = YES;
				GCC_WARN_ABOUT_RETURN_TYPE = YES_ERROR;
				GCC_WARN_UNDECLARED_SELECTOR = YES;
				GCC_WARN_UNINITIALIZED_AUTOS = YES_AGGRESSIVE;
				GCC_WARN_UNUSED_FUNCTION = YES;
				GCC_WARN_UNUSED_VARIABLE = YES;
				IPHONEOS_DEPLOYMENT_TARGET = 9.3;
				MTL_ENABLE_DEBUG_INFO = YES;
				ONLY_ACTIVE_ARCH = YES;
				SDKROOT = iphoneos;
			};
			name = Debug;
		};
		181E13CB1CC72138006F52FF /* Release */ = {
			isa = XCBuildConfiguration;
			buildSettings = {
				ALWAYS_SEARCH_USER_PATHS = NO;
				CLANG_ANALYZER_NONNULL = YES;
				CLANG_CXX_LANGUAGE_STANDARD = "gnu++0x";
				CLANG_CXX_LIBRARY = "libc++";
				CLANG_ENABLE_MODULES = YES;
				CLANG_ENABLE_OBJC_ARC = YES;
				CLANG_WARN_BOOL_CONVERSION = YES;
				CLANG_WARN_CONSTANT_CONVERSION = YES;
				CLANG_WARN_DIRECT_OBJC_ISA_USAGE = YES_ERROR;
				CLANG_WARN_EMPTY_BODY = YES;
				CLANG_WARN_ENUM_CONVERSION = YES;
				CLANG_WARN_INT_CONVERSION = YES;
				CLANG_WARN_OBJC_ROOT_CLASS = YES_ERROR;
				CLANG_WARN_UNREACHABLE_CODE = YES;
				CLANG_WARN__DUPLICATE_METHOD_MATCH = YES;
				"CODE_SIGN_IDENTITY[sdk=iphoneos*]" = "iPhone Developer";
				COPY_PHASE_STRIP = NO;
				DEBUG_INFORMATION_FORMAT = "dwarf-with-dsym";
				ENABLE_NS_ASSERTIONS = NO;
				ENABLE_STRICT_OBJC_MSGSEND = YES;
				GCC_C_LANGUAGE_STANDARD = gnu99;
				GCC_NO_COMMON_BLOCKS = YES;
				GCC_WARN_64_TO_32_BIT_CONVERSION = YES;
				GCC_WARN_ABOUT_RETURN_TYPE = YES_ERROR;
				GCC_WARN_UNDECLARED_SELECTOR = YES;
				GCC_WARN_UNINITIALIZED_AUTOS = YES_AGGRESSIVE;
				GCC_WARN_UNUSED_FUNCTION = YES;
				GCC_WARN_UNUSED_VARIABLE = YES;
				IPHONEOS_DEPLOYMENT_TARGET = 9.3;
				MTL_ENABLE_DEBUG_INFO = NO;
				SDKROOT = iphoneos;
				VALIDATE_PRODUCT = YES;
			};
			name = Release;
		};
		181E13CD1CC72138006F52FF /* Debug */ = {
			isa = XCBuildConfiguration;
			buildSettings = {
				ASSETCATALOG_COMPILER_APPICON_NAME = AppIcon;
				INFOPLIST_FILE = runtimeDemo/Info.plist;
				LD_RUNPATH_SEARCH_PATHS = "$(inherited) @executable_path/Frameworks";
				PRODUCT_BUNDLE_IDENTIFIER = com.ekwing.runtimeDemo;
				PRODUCT_NAME = "$(TARGET_NAME)";
			};
			name = Debug;
		};
		181E13CE1CC72138006F52FF /* Release */ = {
			isa = XCBuildConfiguration;
			buildSettings = {
				ASSETCATALOG_COMPILER_APPICON_NAME = AppIcon;
				INFOPLIST_FILE = runtimeDemo/Info.plist;
				LD_RUNPATH_SEARCH_PATHS = "$(inherited) @executable_path/Frameworks";
				PRODUCT_BUNDLE_IDENTIFIER = com.ekwing.runtimeDemo;
				PRODUCT_NAME = "$(TARGET_NAME)";
			};
			name = Release;
		};
/* End XCBuildConfiguration section */

/* Begin XCConfigurationList section */
		181E13B01CC72138006F52FF /* Build configuration list for PBXProject "runtimeDemo" */ = {
			isa = XCConfigurationList;
			buildConfigurations = (
				181E13CA1CC72138006F52FF /* Debug */,
				181E13CB1CC72138006F52FF /* Release */,
			);
			defaultConfigurationIsVisible = 0;
			defaultConfigurationName = Release;
		};
		181E13CC1CC72138006F52FF /* Build configuration list for PBXNativeTarget "runtimeDemo" */ = {
			isa = XCConfigurationList;
			buildConfigurations = (
				181E13CD1CC72138006F52FF /* Debug */,
				181E13CE1CC72138006F52FF /* Release */,
			);
			defaultConfigurationIsVisible = 0;
		};
/* End XCConfigurationList section */
	};
	rootObject = 181E13AD1CC72138006F52FF /* Project object */;
}
